PODS:
  - AFNetworking (3.1.0):
    - AFNetworking/NSURLSession (= 3.1.0)
    - AFNetworking/Reachability (= 3.1.0)
    - AFNetworking/Security (= 3.1.0)
    - AFNetworking/Serialization (= 3.1.0)
    - AFNetworking/UIKit (= 3.1.0)
  - AFNetworking/NSURLSession (3.1.0):
    - AFNetworking/Reachability
    - AFNetworking/Security
    - AFNetworking/Serialization
  - AFNetworking/Reachability (3.1.0)
  - AFNetworking/Security (3.1.0)
  - AFNetworking/Serialization (3.1.0)
  - AFNetworking/UIKit (3.1.0):
    - AFNetworking/NSURLSession
  - APAddressBook/Core (0.2.3)
  - APAddressBook/Swift (0.2.3):
    - APAddressBook/Core
  - Appsee (2.2)
  - AppsFlyerFramework (4.5.1)
  - BlocksKit (2.2.5):
    - BlocksKit/All (= 2.2.5)
  - BlocksKit/All (2.2.5):
    - BlocksKit/Core
    - BlocksKit/DynamicDelegate
    - BlocksKit/MessageUI
    - BlocksKit/UIKit
  - BlocksKit/Core (2.2.5)
  - BlocksKit/DynamicDelegate (2.2.5)
  - BlocksKit/MessageUI (2.2.5):
    - BlocksKit/Core
    - BlocksKit/DynamicDelegate
  - BlocksKit/UIKit (2.2.5):
    - BlocksKit/Core
    - BlocksKit/DynamicDelegate
  - Bolts (1.7.0):
    - Bolts/AppLinks (= 1.7.0)
    - Bolts/Tasks (= 1.7.0)
  - Bolts/AppLinks (1.7.0):
    - Bolts/Tasks
  - Bolts/Tasks (1.7.0)
  - CardIO (5.3.2)
  - ComponentKit (0.14)
  - DBPrivacyHelper (0.6.3)
  - DownPicker (0.1.34)
  - EAIntroView (2.8.3):
    - EARestrictedScrollView (~> 1.1.0)
  - EARestrictedScrollView (1.1.0)
  - FBSDKCoreKit (4.11.0):
    - Bolts (~> 1.7)
  - FBSDKLoginKit (4.11.0):
    - FBSDKCoreKit
  - FLEX (2.1.1)
  - GoogleAnalytics (3.13.0)
  - GoogleAppIndexing (2.0.1)
  - GoogleAppUtilities (1.1.2):
    - GoogleSymbolUtilities (~> 1.1)
  - GoogleAuthUtilities (1.0.1):
    - GoogleNetworkingUtilities (~> 1.0)
    - GoogleSymbolUtilities (~> 1.0)
  - GoogleMaps (1.10.5)
  - GoogleNetworkingUtilities (1.2.2):
    - GoogleSymbolUtilities (~> 1.1)
  - GoogleSignIn (2.4.0):
    - GoogleAppUtilities (~> 1.0)
    - GoogleAuthUtilities (~> 1.0)
    - GoogleNetworkingUtilities (~> 1.0)
    - GoogleUtilities (~> 1.0)
  - GoogleSymbolUtilities (1.1.2)
  - GoogleTagManager (3.12.1):
    - GoogleAnalytics (~> 3.13.0)
  - GoogleUtilities (1.3.2):
    - GoogleSymbolUtilities (~> 1.1)
  - ISO8601DateFormatterValueTransformer (0.6.1):
    - RKValueTransformers (~> 1.1.0)
  - JLPermissions/Contacts (2.2.8):
    - DBPrivacyHelper (= 0.6.3)
    - JLPermissions/Core
  - JLPermissions/Core (2.2.8):
    - DBPrivacyHelper (= 0.6.3)
  - JLPermissions/Notification (2.2.8):
    - DBPrivacyHelper (= 0.6.3)
    - JLPermissions/Core
  - JLRoutes (1.6.4)
  - JSQMessagesViewController (7.3.4):
    - JSQSystemSoundPlayer (~> 2.0.1)
  - JSQSystemSoundPlayer (2.0.1)
  - Localytics (4.1.0)
  - Masonry (1.0.1)
  - NJKWebViewProgress (0.2.3):
    - NJKWebViewProgress/Core (= 0.2.3)
    - NJKWebViewProgress/ProgressView (= 0.2.3)
  - NJKWebViewProgress/Core (0.2.3)
  - NJKWebViewProgress/ProgressView (0.2.3)
  - OAStackView (1.0.1)
  - RestKit (0.27.0):
    - RestKit/Core (= 0.27.0)
  - RestKit/Core (0.27.0):
    - RestKit/CoreData
    - RestKit/Network
    - RestKit/ObjectMapping
  - RestKit/CoreData (0.27.0):
    - RestKit/ObjectMapping
  - RestKit/Network (0.27.0):
    - RestKit/ObjectMapping
    - RestKit/Support
    - SOCKit
  - RestKit/ObjectMapping (0.27.0):
    - ISO8601DateFormatterValueTransformer (~> 0.6.1)
    - RestKit/Support
    - RKValueTransformers (~> 1.1.0)
  - RestKit/Support (0.27.0):
    - TransitionKit (~> 2.2)
  - Reveal-iOS-SDK (1.6.2)
  - RKValueTransformers (1.1.3)
  - Rollout.io (1.7.1)
  - SOCKit (1.1)
  - SPTPersistentCache (1.0.0)
  - TPKeyboardAvoiding (1.3)
  - TransitionKit (2.2.1)
  - TTTAttributedLabel (1.13.4)
  - UITableView+FDTemplateLayoutCell (1.4)

DEPENDENCIES:
  - AFNetworking (~> 3.1.0)
  - APAddressBook/Swift
  - Appsee
  - AppsFlyerFramework
  - BlocksKit (~> 2.2.5)
  - CardIO
  - ComponentKit (~> 0.14)
  - DownPicker
  - EAIntroView (~> 2.8.0)
  - FBSDKLoginKit
  - FLEX (~> 2.0)
  - GoogleAppIndexing
  - GoogleMaps
  - GoogleSignIn (~> 2.4.0)
  - GoogleTagManager
  - JLPermissions/Contacts
  - JLPermissions/Notification
  - JLRoutes (~> 1.6.2)
  - JSQMessagesViewController
  - Localytics
  - Masonry
  - NJKWebViewProgress
  - OAStackView (~> 1.0.1)
  - RestKit (~> 0.27.0)
  - Reveal-iOS-SDK
  - Rollout.io (~> 1.7.1)
  - SPTPersistentCache (~> 1.0)
  - TPKeyboardAvoiding (~> 1.3)
  - TTTAttributedLabel
  - UITableView+FDTemplateLayoutCell (~> 1.4)

SPEC CHECKSUMS:
  AFNetworking: 5e0e199f73d8626b11e79750991f5d173d1f8b67
  APAddressBook: 2a91bf05999548bea210ec9d1a68073f4dc8bfce
  Appsee: c95173e65acaab0ffc8a082c70633c9f5f45d5f0
  AppsFlyerFramework: 3d62e8c0408280ed06431345e192a461db339400
  BlocksKit: 7f422b971407001178d181a43b99014ea2591fe6
  Bolts: a0058fa3b331c5a1e4402d534f2dae36dbff31e4
  CardIO: 92c45caef0d986c4a303a7afba0c9b76ff2b1f6e
  ComponentKit: 11d9177b5e9940c456e7486d8f5a25c26d9ca5f2
  DBPrivacyHelper: c1e033776454dd3e16e8dcedf2e92d4d0a5e56df
  DownPicker: c00ea63f08ae82116cc93d0eba74e86bf3d4c68e
  EAIntroView: e948c83e642f30010d427e643c18a6f2b529afed
  EARestrictedScrollView: b0c2a3f92fb2610bb44d71c5e4893777c89e45ef
  FBSDKCoreKit: 686ac982723a14ec9ddb85e2f81235d7706c891b
  FBSDKLoginKit: bade9fc78277764149ccc5bfaadbf13c83175c6a
  FLEX: 27b768fcae23a313a1eb115076d429180ca9b472
  GoogleAnalytics: fcf1f1cad57ae1a9a53520018f0f680ceeeb8b49
  GoogleAppIndexing: aa25aeb2eed109032529e88f99fd3f512cdfc685
  GoogleAppUtilities: a8a552aa74f6597f805e45b5a3962766c3134973
  GoogleAuthUtilities: 049ffd3a297cdffd271451b82fd4e75304f15ef3
  GoogleMaps: da51c62c338c2d9c47cdad470a0d1e0e4b8544e4
  GoogleNetworkingUtilities: 3edd3a8161347494f2da60ea0deddc8a472d94cb
  GoogleSignIn: 79929b51e6299c69f1197bbd9c7a1367d523ecd8
  GoogleSymbolUtilities: 631ee17048aa5e9ab133470d768ea997a5ef9b96
  GoogleTagManager: d93ce3ea323b5989f07c7cf24a59e69ed36841b6
  GoogleUtilities: 8bbc733218aad26306f9d4a253823986110e3358
  ISO8601DateFormatterValueTransformer: 52da467d6ec899d6aedda8e48280ac92e8ee97e6
  JLPermissions: 27606b544932eb9fb1897f2e08ebcc4a10b8bc3b
  JLRoutes: a2e6efb1b1070feccb6dc68e1646ca870f42115b
  JSQMessagesViewController: 39fed975e3c9f8eba7292071e29eeb541d105e66
  JSQSystemSoundPlayer: c5850e77a4363ffd374cd851154b9af93264ed8d
  Localytics: 6b567857273ffa9b76bb6e4c4e11c5f6f2b15a86
  Masonry: a1a931a0d08870ed8ae415a2ea5ea68ebcac77df
  NJKWebViewProgress: f481fd424cb5ecc27eacae11b5397db92fba9a4d
  OAStackView: 95e7cb79cbea25c2342f496a44bdbe8bd4c8d510
  RestKit: a0244db34e14ed9cf059fcee2be6733cc162c34a
  Reveal-iOS-SDK: e2250b3c155bcfac53ae223ddc1f76d08f206c33
  RKValueTransformers: e5ed67e3811229b616fe01bddeeafe3bb337b1b9
  Rollout.io: 4a178b5020f33162de7309087ceabcefa7d0c5f2
  SOCKit: c7376ac262bea9115b8f749358f762522a47d392
  SPTPersistentCache: c2ab4542796647387441169e352ba5f812128153
  TPKeyboardAvoiding: a5138f318c06fb3e151f886e18ce4a72695d9cbe
  TransitionKit: 9ceccda4cd0cdc0a05ef85eb235e5a3292c3c250
  TTTAttributedLabel: 0a2ac7b2dd726d32a070dafb01446026b11e624f
  UITableView+FDTemplateLayoutCell: 234e1582bcc4e18461af91155123bb96538ed030

COCOAPODS: 0.39.0
