PODS:
  - AHKActionSheet (0.5.4)
  - Alamofire (4.4.0)
  - APAddressBook/Core (0.2.3)
  - APAddressBook/Swift (0.2.3):
    - APAddressBook/Core
  - Apollo (0.6.5):
    - Apollo/Core (= 0.6.5)
  - Apollo/Core (0.6.5)
  - Appsee (2.2)
  - AppsFlyerFramework (4.5.1)
  - BEMCheckBox (1.2.1)
  - BlocksKit (2.2.5):
    - BlocksKit/All (= 2.2.5)
  - BlocksKit/All (2.2.5):
    - BlocksKit/Core
    - BlocksKit/DynamicDelegate
    - BlocksKit/MessageUI
    - BlocksKit/UIKit
  - BlocksKit/Core (2.2.5)
  - BlocksKit/DynamicDelegate (2.2.5)
  - BlocksKit/MessageUI (2.2.5):
    - BlocksKit/Core
    - BlocksKit/DynamicDelegate
  - BlocksKit/UIKit (2.2.5):
    - BlocksKit/Core
    - BlocksKit/DynamicDelegate
  - Bolts (1.8.4):
    - Bolts/AppLinks (= 1.8.4)
    - Bolts/Tasks (= 1.8.4)
  - Bolts/AppLinks (1.8.4):
    - Bolts/Tasks
  - Bolts/Tasks (1.8.4)
  - Branch (0.18.8):
    - Branch/Core (= 0.18.8)
  - Branch/Core (0.18.8)
  - CFAlertViewController (2.3.1)
  - CodePush (3.0.1):
    - CodePush/Core (= 3.0.1)
    - CodePush/SSZipArchive (= 3.0.1)
    - React
  - CodePush/Core (3.0.1):
    - React
  - CodePush/SSZipArchive (3.0.1):
    - React
  - ComponentKit (0.14)
  - Crashlytics (3.9.0):
    - Fabric (~> 1.7.0)
  - DBPrivacyHelper (0.6.3)
  - DKImagePickerController (3.6.2):
    - DKImagePickerController/Camera (= 3.6.2)
    - DKImagePickerController/ImageManager (= 3.6.2)
  - DKImagePickerController/Camera (3.6.2)
  - DKImagePickerController/ImageManager (3.6.2)
  - DownPicker (0.1.34)
  - DTTJailbreakDetection (0.4.0)
  - EAIntroView (2.8.3):
    - EARestrictedScrollView (~> 1.1.0)
  - EARestrictedScrollView (1.1.0)
  - Eureka (3.0.0)
  - EZYGradientView-ObjC (1.3)
  - Fabric (1.7.0)
  - FBSDKCoreKit (4.19.0):
    - Bolts (~> 1.7)
  - FBSDKLoginKit (4.19.0):
    - FBSDKCoreKit
  - FBSDKShareKit (4.19.0):
    - FBSDKCoreKit
  - FirebaseAnalytics (4.0.2):
    - FirebaseCore (~> 4.0)
    - FirebaseInstanceID (~> 2.0)
    - GoogleToolboxForMac/NSData+zlib (~> 2.1)
  - FirebaseCore (4.0.4):
    - GoogleToolboxForMac/NSData+zlib (~> 2.1)
    - nanopb (~> 0.3)
  - FirebaseInstanceID (2.0.0):
    - FirebaseCore (~> 4.0)
  - FirebaseRemoteConfig (2.0.2):
    - FirebaseAnalytics (~> 4.0)
    - FirebaseInstanceID (~> 2.0)
    - GoogleToolboxForMac/NSData+zlib (~> 2.1)
    - Protobuf (~> 3.1)
  - FLEX (2.4.0)
  - GoogleAnalytics (3.17.0)
  - GoogleAppUtilities (1.1.2):
    - GoogleSymbolUtilities (~> 1.1)
  - GoogleAuthUtilities (2.0.2):
    - GoogleNetworkingUtilities (~> 1.2)
    - GoogleSymbolUtilities (~> 1.1)
  - GoogleMaps (2.1.1):
    - GoogleMaps/Maps (= 2.1.1)
  - GoogleMaps/Base (2.1.1)
  - GoogleMaps/Maps (2.1.1):
    - GoogleMaps/Base
  - GoogleNetworkingUtilities (1.2.2):
    - GoogleSymbolUtilities (~> 1.1)
  - GooglePlaces (2.1.1):
    - GoogleMaps/Base (= 2.1.1)
  - GoogleSignIn (3.0.0):
    - GoogleAppUtilities (~> 1.0)
    - GoogleAuthUtilities (~> 2.0)
    - GoogleNetworkingUtilities (~> 1.0)
    - GoogleUtilities (~> 1.0)
  - GoogleSymbolUtilities (1.1.2)
  - GoogleTagManager (3.15.2):
    - GoogleAnalytics (= 3.17.0)
  - GoogleToolboxForMac/Defines (2.1.1)
  - GoogleToolboxForMac/NSData+zlib (2.1.1):
    - GoogleToolboxForMac/Defines (= 2.1.1)
  - GoogleUtilities (1.3.2):
    - GoogleSymbolUtilities (~> 1.1)
  - HMSegmentedControl (1.5.3)
  - Interactable (0.1.3):
    - React
  - ISO8601DateFormatterValueTransformer (0.6.1):
    - RKValueTransformers (~> 1.1.0)
  - JDStatusBarNotification (1.5.5)
  - JLPermissions/Contacts (2.2.8):
    - DBPrivacyHelper (= 0.6.3)
    - JLPermissions/Core
  - JLPermissions/Core (2.2.8):
    - DBPrivacyHelper (= 0.6.3)
  - JLPermissions/Location (2.2.8):
    - DBPrivacyHelper (= 0.6.3)
    - JLPermissions/Core
  - JLPermissions/Notification (2.2.8):
    - DBPrivacyHelper (= 0.6.3)
    - JLPermissions/Core
  - JLRoutes (1.6.4)
  - KeychainAccess (3.0.1)
  - KMNavigationBarTransition (1.1.5)
  - LogEntries (0.0.1)
  - lottie-ios (1.5.2)
  - Masonry (1.0.1)
  - MMNumberKeyboard (0.1.5)
  - MoEngage-iOS-SDK (3.3.0)
  - MORichNotification (1.1.1)
  - Moya (8.0.3):
    - Moya/Core (= 8.0.3)
  - Moya/Core (8.0.3):
    - Alamofire (~> 4.1)
    - Result (~> 3.0)
  - Moya/RxSwift (8.0.3):
    - Moya/Core
    - RxSwift (~> 3.0)
  - MoyaUnbox/Core (1.0.0):
    - Moya (~> 8.0)
    - Unbox (~> 2.4)
  - MoyaUnbox/RxSwift (1.0.0):
    - Moya/RxSwift
    - MoyaUnbox/Core
    - RxSwift (~> 3.2)
  - MXPagerView (0.1.4)
  - MXParallaxHeader (0.6.0)
  - MXSegmentedPager (3.2.0):
    - HMSegmentedControl (= 1.5.3)
    - MXPagerView (= 0.1.4)
    - MXParallaxHeader (= 0.6.0)
  - nanopb (0.3.8):
    - nanopb/decode (= 0.3.8)
    - nanopb/encode (= 0.3.8)
  - nanopb/decode (0.3.8)
  - nanopb/encode (0.3.8)
  - native-navigation (0.2.1):
    - React
  - NJKWebViewProgress (0.2.3):
    - NJKWebViewProgress/Core (= 0.2.3)
    - NJKWebViewProgress/ProgressView (= 0.2.3)
  - NJKWebViewProgress/Core (0.2.3)
  - NJKWebViewProgress/ProgressView (0.2.3)
  - NSAttributedString-DDHTML (1.2.0)
  - NSObject+Rx (2.0.0):
    - RxSwift
  - OAStackView (1.0.1)
  - Popover (1.0.6)
  - Protobuf (3.3.0)
  - RATreeView (2.1.2)
  - React (0.48.4):
    - React/Core (= 0.48.4)
  - react-native-maps (0.15.3):
    - React
  - React/BatchedBridge (0.48.4):
    - React/Core
    - React/cxxreact_legacy
  - React/Core (0.48.4):
    - Yoga (= 0.48.4.React)
  - React/cxxreact_legacy (0.48.4):
    - React/jschelpers_legacy
  - React/DevSupport (0.48.4):
    - React/Core
    - React/RCTWebSocket
  - React/jschelpers_legacy (0.48.4)
  - React/RCTActionSheet (0.48.4):
    - React/Core
  - React/RCTAdSupport (0.48.4):
    - React/Core
  - React/RCTAnimation (0.48.4):
    - React/Core
  - React/RCTBlob (0.48.4):
    - React/Core
  - React/RCTCameraRoll (0.48.4):
    - React/Core
    - React/RCTImage
  - React/RCTGeolocation (0.48.4):
    - React/Core
  - React/RCTImage (0.48.4):
    - React/Core
    - React/RCTNetwork
  - React/RCTLinkingIOS (0.48.4):
    - React/Core
  - React/RCTNetwork (0.48.4):
    - React/Core
  - React/RCTSettings (0.48.4):
    - React/Core
  - React/RCTText (0.48.4):
    - React/Core
  - React/RCTVibration (0.48.4):
    - React/Core
  - React/RCTWebSocket (0.48.4):
    - React/Core
    - React/RCTBlob
  - Render (2.1.1)
  - RestKit (0.27.0):
    - RestKit/Core (= 0.27.0)
  - RestKit/Core (0.27.0):
    - RestKit/CoreData
    - RestKit/Network
    - RestKit/ObjectMapping
  - RestKit/CoreData (0.27.0):
    - RestKit/ObjectMapping
  - RestKit/Network (0.27.0):
    - RestKit/ObjectMapping
    - RestKit/Support
    - SOCKit
  - RestKit/ObjectMapping (0.27.0):
    - ISO8601DateFormatterValueTransformer (~> 0.6.1)
    - RestKit/Support
    - RKValueTransformers (~> 1.1.0)
  - RestKit/Support (0.27.0):
    - TransitionKit (~> 2.2)
  - RestKit/Testing (0.27.0):
    - RestKit/Network
  - Result (3.2.1)
  - ReSwift (3.0.0)
  - Reveal-iOS-SDK (1.6.2)
  - RichEditorView (4.0.0)
  - RKValueTransformers (1.1.3)
  - RNDeviceInfo (0.9.3):
    - React
  - RNSVG (5.4.1):
    - React
  - RNVectorIcons (4.2.0):
    - React
  - RSKGrowingTextView (2.0.0):
    - RSKPlaceholderTextView (= 2.0.0)
  - RSKPlaceholderTextView (2.0.0)
  - RxCocoa (3.3.1):
    - RxSwift (~> 3.3)
  - RxDataSources (1.0.4):
    - RxCocoa (~> 3.0)
    - RxSwift (~> 3.0)
  - RxSwift (3.3.1)
  - SnapKit (3.2.0)
  - SOCKit (1.1)
  - SPTPersistentCache (1.1.0)
  - SwiftLint (0.22.0)
  - SwiftOverlays (3.0.0)
  - SwiftyJSON (3.1.4)
  - TPKeyboardAvoiding (1.3.1)
  - TransitionKit (2.2.1)
  - TTTAttributedLabel (1.13.4)
  - UIAlertController+Blocks (0.9.2)
  - UITableView+FDTemplateLayoutCell (1.4)
  - Unbox (2.4.0)
  - VMaskTextField (1.0.8)
  - Wrap (2.1.1)
  - Yoga (0.48.4.React)
  - youtube-ios-player-helper (0.1.6)

DEPENDENCIES:
  - AHKActionSheet (~> 0.5.4)
  - APAddressBook/Swift (~> 0.2.3)
  - Apollo (~> 0.6.5)
  - Appsee (~> 2.2)
  - AppsFlyerFramework (~> 4.5.1)
  - BEMCheckBox (~> 1.2.0)
  - BlocksKit (~> 2.2.5)
  - Branch (= 0.18.8)
  - CFAlertViewController (~> 2.3.1)
  - CodePush (from `../node_modules/react-native-code-push`)
  - ComponentKit (~> 0.14)
  - Crashlytics (~> 3.9.0)
  - DKImagePickerController (from `https://github.com/ferico55/DKImagePickerController.git`, branch `3.6.2-tkpd`)
  - DownPicker (~> 0.1.34)
  - DTTJailbreakDetection (~> 0.4.0)
  - EAIntroView (~> 2.8.0)
  - Eureka (from `https://github.com/xmartlabs/Eureka.git`, branch `Xcode9-Swift3_2`)
  - EZYGradientView-ObjC (~> 1.3)
  - Fabric (~> 1.7.0)
  - FBSDKCoreKit (~> 4.19.0)
  - FBSDKLoginKit (~> 4.19.0)
  - FBSDKShareKit (~> 4.19.0)
  - FirebaseRemoteConfig (~> 2.0.2)
  - FLEX (from `https://github.com/Flipboard/FLEX.git`, commit `99eccdf4c34af9b1042d96313ad9cf12dd30ff1f`)
  - GoogleMaps (~> 2.1.1)
  - GooglePlaces (~> 2.1.1)
  - GoogleSignIn (~> 3.0.0)
  - GoogleTagManager (~> 3.15.2)
  - HMSegmentedControl (from `https://github.com/billionssg/HMSegmentedControl`)
  - Interactable (from `../node_modules/react-native-interactable`)
  - JDStatusBarNotification (~> 1.5.5)
  - JLPermissions/Contacts (= 2.2.8)
  - JLPermissions/Location (= 2.2.8)
  - JLPermissions/Notification (= 2.2.8)
  - JLRoutes (~> 1.6.2)
  - KeychainAccess (~> 3.0)
  - KMNavigationBarTransition (~> 1.1.5)
  - LogEntries (~> 0.0.1)
  - lottie-ios (~> 1.5.2)
  - Masonry (~> 1.0.1)
  - MMNumberKeyboard (~> 0.1.5)
  - MoEngage-iOS-SDK (~> 3.3.0)
  - MORichNotification (~> 1.1.1)
  - Moya/RxSwift (~> 8.0.3)
  - MoyaUnbox/RxSwift (~> 1.0.0)
  - MXSegmentedPager (~> 3.2.0)
  - native-navigation (from `../node_modules/native-navigation`)
  - NJKWebViewProgress (~> 0.2.3)
  - NSAttributedString-DDHTML (= 1.2.0)
  - NSObject+Rx (~> 2.0.0)
  - OAStackView (~> 1.0.1)
  - Popover (from `https://github.com/corin8823/Popover.git`, branch `master`)
  - RATreeView (~> 2.1.2)
  - react-native-maps (from `../node_modules/react-native-maps`)
  - React/BatchedBridge (from `../node_modules/react-native`)
  - React/Core (from `../node_modules/react-native`)
  - React/DevSupport (from `../node_modules/react-native`)
  - React/RCTActionSheet (from `../node_modules/react-native`)
  - React/RCTAdSupport (from `../node_modules/react-native`)
  - React/RCTAnimation (from `../node_modules/react-native`)
  - React/RCTCameraRoll (from `../node_modules/react-native`)
  - React/RCTGeolocation (from `../node_modules/react-native`)
  - React/RCTImage (from `../node_modules/react-native`)
  - React/RCTLinkingIOS (from `../node_modules/react-native`)
  - React/RCTNetwork (from `../node_modules/react-native`)
  - React/RCTSettings (from `../node_modules/react-native`)
  - React/RCTText (from `../node_modules/react-native`)
  - React/RCTVibration (from `../node_modules/react-native`)
  - React/RCTWebSocket (from `../node_modules/react-native`)
  - Render (from `https://github.com/esam091/Render.git`, branch `change-namespace`)
  - RestKit (~> 0.27.0)
  - RestKit/Testing (~> 0.27.0)
  - ReSwift (~> 3.0.0)
  - Reveal-iOS-SDK
  - RichEditorView (~> 4.0.0)
  - RNDeviceInfo (from `../node_modules/react-native-device-info`)
  - RNSVG (from `../node_modules/react-native-svg`)
  - RNVectorIcons (from `../node_modules/react-native-vector-icons`)
  - RSKGrowingTextView (~> 2.0)
  - RSKPlaceholderTextView (~> 2.0)
  - RxCocoa (~> 3.3.1)
  - RxDataSources (~> 1.0)
  - RxSwift (~> 3.3.1)
  - SnapKit (~> 3.2.0)
  - SPTPersistentCache (from `https://github.com/spotify/SPTPersistentCache.git`, branch `master`)
  - SwiftLint (~> 0.22.0)
  - SwiftOverlays (~> 3.0.0)
  - SwiftyJSON (~> 3.1.4)
  - TPKeyboardAvoiding (~> 1.3.1)
  - TTTAttributedLabel (~> 1.13.4)
  - UIAlertController+Blocks (~> 0.9)
  - UITableView+FDTemplateLayoutCell (~> 1.4)
  - Unbox (~> 2.4)
  - VMaskTextField (~> 1.0.8)
  - Wrap
  - Yoga (from `../node_modules/react-native/ReactCommon/yoga`)
  - youtube-ios-player-helper (~> 0.1.6)

EXTERNAL SOURCES:
  CodePush:
    :path: ../node_modules/react-native-code-push
  DKImagePickerController:
    :branch: 3.6.2-tkpd
    :git: https://github.com/ferico55/DKImagePickerController.git
  Eureka:
    :branch: Xcode9-Swift3_2
    :git: https://github.com/xmartlabs/Eureka.git
  FLEX:
    :commit: 99eccdf4c34af9b1042d96313ad9cf12dd30ff1f
    :git: https://github.com/Flipboard/FLEX.git
  HMSegmentedControl:
    :git: https://github.com/billionssg/HMSegmentedControl
  Interactable:
    :path: ../node_modules/react-native-interactable
  native-navigation:
    :path: ../node_modules/native-navigation
  Popover:
    :branch: master
    :git: https://github.com/corin8823/Popover.git
  React:
    :path: ../node_modules/react-native
  react-native-maps:
    :path: ../node_modules/react-native-maps
  Render:
    :branch: change-namespace
    :git: https://github.com/esam091/Render.git
  RNDeviceInfo:
    :path: ../node_modules/react-native-device-info
  RNSVG:
    :path: ../node_modules/react-native-svg
  RNVectorIcons:
    :path: ../node_modules/react-native-vector-icons
  SPTPersistentCache:
    :branch: master
    :git: https://github.com/spotify/SPTPersistentCache.git
  Yoga:
    :path: ../node_modules/react-native/ReactCommon/yoga

CHECKOUT OPTIONS:
  DKImagePickerController:
    :commit: 89b22f3c1dbae0bebc31299fa994e6060e6a15b9
    :git: https://github.com/ferico55/DKImagePickerController.git
  Eureka:
    :commit: 05acfb04c24a480f1868e671d19b39e0f22fc265
    :git: https://github.com/xmartlabs/Eureka.git
  FLEX:
    :commit: 99eccdf4c34af9b1042d96313ad9cf12dd30ff1f
    :git: https://github.com/Flipboard/FLEX.git
  HMSegmentedControl:
    :commit: bdd8ecee6de8dc92ead132edce865041181fd56c
    :git: https://github.com/billionssg/HMSegmentedControl
  Popover:
    :commit: 468c0c09187b571d74a256d4e796d9ed104cfd2a
    :git: https://github.com/corin8823/Popover.git
  Render:
    :commit: 080e79380c17ece7ea712df6d37019688a525dfe
    :git: https://github.com/esam091/Render.git
  SPTPersistentCache:
    :commit: 42d45d2dfe80001af783f98cf45e7c024a87cda5
    :git: https://github.com/spotify/SPTPersistentCache.git

SPEC CHECKSUMS:
  AHKActionSheet: f0b312b5c689f72924d231c39dae140ecd5c1d46
  Alamofire: dc44b1600b800eb63da6a19039a0083d62a6a62d
  APAddressBook: 2a91bf05999548bea210ec9d1a68073f4dc8bfce
  Apollo: 575496b1fbdb27a47c0e62a48340da2bd1dc67d7
  Appsee: c95173e65acaab0ffc8a082c70633c9f5f45d5f0
  AppsFlyerFramework: 3d62e8c0408280ed06431345e192a461db339400
  BEMCheckBox: 264b8b72aa92adbfefa265cc58a0cdb86b207b9f
  BlocksKit: 7f422b971407001178d181a43b99014ea2591fe6
  Bolts: 8a7995239dbe724f9cba2248b766d48b7ebdd322
  Branch: c8181636136a8ac2477f42ec8b811f50aa359c8c
  CFAlertViewController: 13291a32ee1ca1c1401e6a0600afea1e864604e0
  CodePush: 376d00239fd36aeef445b3ec92a43d091ba070ff
  ComponentKit: 11d9177b5e9940c456e7486d8f5a25c26d9ca5f2
  Crashlytics: 64aad5dd97249dd3ff94b979fea140144590cdd3
  DBPrivacyHelper: c1e033776454dd3e16e8dcedf2e92d4d0a5e56df
  DKImagePickerController: 8d0c7595e5ffe1d353c60ba085e2cc6f28af3428
  DownPicker: c00ea63f08ae82116cc93d0eba74e86bf3d4c68e
  DTTJailbreakDetection: 5e356c5badc17995f65a83ed9483f787a0057b71
  EAIntroView: e948c83e642f30010d427e643c18a6f2b529afed
  EARestrictedScrollView: b0c2a3f92fb2610bb44d71c5e4893777c89e45ef
  Eureka: 5b9418d7bfdc21ca977d69d124a6409f3e9af2c7
  EZYGradientView-ObjC: 42e23b6e36bd75b7f7288198a328cbf7bc1b5aee
  Fabric: e6be012366472553807dada21243c5ab8d904151
  FBSDKCoreKit: 894b2b6eda6a4c8c4204e92e59cc355709ef045c
  FBSDKLoginKit: 83ca4d8f12a2022570af9fd6aacf27f6b425b99f
  FBSDKShareKit: 5953758366278430dc322d5cdc906db361ed7f81
  FirebaseAnalytics: ad41720e3e67fc63fbe3d2948d3e26932a8de311
  FirebaseCore: cfc042628ef9f20debe09c0eb683135fcd404cb4
  FirebaseInstanceID: 9fbf536668f4d3f0880e7438456dabd1376e294b
  FirebaseRemoteConfig: 5b3e3301ef2f237b1b588e8ef3211b5a22e9e15d
  FLEX: bd1a39e55b56bb413b6f1b34b3c10a0dc44ef079
  GoogleAnalytics: f42cc53a87a51fe94334821868d9c8481ff47a7b
  GoogleAppUtilities: a8a552aa74f6597f805e45b5a3962766c3134973
  GoogleAuthUtilities: ccad2e0a9284699973ff57c0dd24c3893657fda4
  GoogleMaps: a5b5bbe47734e2443bde781a6aa64e69fdb6d785
  GoogleNetworkingUtilities: 3edd3a8161347494f2da60ea0deddc8a472d94cb
  GooglePlaces: 35636d86e5020cba3856eb988c09a5491de0a65a
  GoogleSignIn: 3d571172b8603be39dcb1705d8217146bb76fe62
  GoogleSymbolUtilities: 631ee17048aa5e9ab133470d768ea997a5ef9b96
  GoogleTagManager: 43b61f634e42e4b9566ab41e9fd6aa0f6adf47a5
  GoogleToolboxForMac: 8e329f1b599f2512c6b10676d45736bcc2cbbeb0
  GoogleUtilities: 8bbc733218aad26306f9d4a253823986110e3358
  HMSegmentedControl: 7c6145afb50f26cec5f3243082f6f12b9f41318f
  Interactable: 2fcb3eb769f118e47c89700bf28fb86fd447acf1
  ISO8601DateFormatterValueTransformer: 52da467d6ec899d6aedda8e48280ac92e8ee97e6
  JDStatusBarNotification: 2b4f29bd68a60d7aa2f190b5265f1ce59c18aaf8
  JLPermissions: 27606b544932eb9fb1897f2e08ebcc4a10b8bc3b
  JLRoutes: a2e6efb1b1070feccb6dc68e1646ca870f42115b
  KeychainAccess: 017ea25e313a49eda10bb19b0bb0760fb1edfe1a
  KMNavigationBarTransition: 7a52c9bc25b39b6e3343e980b453facee1591b82
  LogEntries: a1f16e3c9edc0d6a52209fe6cd7281ab07fb7657
  lottie-ios: 255a0e95973a5c4424e809d7a5c19f7384c73e84
  Masonry: a1a931a0d08870ed8ae415a2ea5ea68ebcac77df
  MMNumberKeyboard: 12da79571d08aca21566534a74726c5469aed29a
  MoEngage-iOS-SDK: 7862a1933fb5fd181309955b3a7dbe18dcaa717f
  MORichNotification: 1dbb16cfcda6d51a12c161594137e8217220f42b
  Moya: d3721622e3cc0cc2f038d69a258686f0b66e7252
  MoyaUnbox: 8b6b26c7ee75fa68b20818973e4472d26a628c6e
  MXPagerView: 8798126c2e629695474eb16cbe1a6da6e0b02915
  MXParallaxHeader: 2997592b8349baf8557ae0e4346f6b17e141de39
  MXSegmentedPager: f529de7ac9ee78c1ab727e4cae9483779ca5d4c7
  nanopb: 5601e6bca2dbf1ed831b519092ec110f66982ca3
  native-navigation: bfb4dd993e94160c9d71804332c39f7e56f0283b
  NJKWebViewProgress: f481fd424cb5ecc27eacae11b5397db92fba9a4d
  NSAttributedString-DDHTML: 59a7bcd44b92cb7f6f6ef26f52c4baad6b1d01ba
  NSObject+Rx: 2a9cd801d9c847e6d2486cbad8d7701b67834e70
  OAStackView: 95e7cb79cbea25c2342f496a44bdbe8bd4c8d510
  Popover: f811ed4eb4c4843d7bfff357816ed0d97c4ba69e
  Protobuf: d582fecf68201eac3d79ed61369ef45734394b9c
  RATreeView: 380cde0090cfde21dc6ac29137f49d3b768fdd28
  React: 6d68659481a8a56e0f6b3dbecd984d5b9bb2d6c5
  react-native-maps: 6a886202fb8af8568615501c0f9f933ca282a7a3
  Render: bb3ec7d0956ea409263fbfda5ff60b8ba16c9579
  RestKit: a0244db34e14ed9cf059fcee2be6733cc162c34a
  Result: 2453a22e5c5b11c0c3a478736e82cd02f763b781
  ReSwift: f0255f4b4f2dacd12c5d97d34d13fc5dad6d6371
  Reveal-iOS-SDK: e2250b3c155bcfac53ae223ddc1f76d08f206c33
  RichEditorView: e5990b1a092539559def9df135e064b29ab97e68
  RKValueTransformers: e5ed67e3811229b616fe01bddeeafe3bb337b1b9
  RNDeviceInfo: dc3cbee96cd2392cf03d6ff6191dc15f1606a166
  RNSVG: 9350bab6cf5e9f3073c65ce9802f1ee093726651
  RNVectorIcons: 6d98d83e944d15014d8071dd9819beb094c61133
  RSKGrowingTextView: 1d9c64f1e9f8ed9b47d883548a3fd76dfdfe1353
  RSKPlaceholderTextView: 301f0f30e70e7c42fe4e941e3a08365ab0d890d5
  RxCocoa: 7dcb7a1860fc9cd0e23dae67ab105fc2916670b6
  RxDataSources: b3389acc5fe2eefb8fcd81a2b76a876ad08bc82a
  RxSwift: 8fc9f2de6275a9101d518444e00bf32f1a42caac
  SnapKit: 1ca44df72cfa543218d177cb8aab029d10d86ea7
  SOCKit: c7376ac262bea9115b8f749358f762522a47d392
  SPTPersistentCache: 8bd1b9fa089f01cf7e0ac5dce340ca58187f2024
  SwiftLint: 1134786caedd2caab0560d2f36b76414a5a56808
  SwiftOverlays: 4cdd9e4f5c7817fb6348882059eb697e11685fad
  SwiftyJSON: c2842d878f95482ffceec5709abc3d05680c0220
  TPKeyboardAvoiding: 0d6af20e95e2850f4c621841225b59ec7d8dd852
  TransitionKit: 9ceccda4cd0cdc0a05ef85eb235e5a3292c3c250
  TTTAttributedLabel: 0a2ac7b2dd726d32a070dafb01446026b11e624f
  UIAlertController+Blocks: 80e28b92523fb58aba4d1bccec013d5a0b0bddb2
  UITableView+FDTemplateLayoutCell: 234e1582bcc4e18461af91155123bb96538ed030
  Unbox: c8b2ab69d3337597b4a3f47a0538807dc12db670
  VMaskTextField: e77fe33633f999c5c38e70bed0afece0625624a4
  Wrap: 9cc7da7551bb81d0846cb3df9fb624c6c32d267d
  Yoga: ccefa1454b2e9825dce3b2df98088b7f0e3c2675
  youtube-ios-player-helper: 21ab92db027c7ff86cb17a3843a3f6eafc8158d2

PODFILE CHECKSUM: 6f1dd240d31c37fd98fc3d1f4df7043e3eb940d7

COCOAPODS: 1.3.1
